{
  "name": "t4c-web",
  "version": "0.2.0",
  "lockfileVersion": 3,
  "requires": true,
  "packages": {
    "": {
      "name": "t4c-web",
      "version": "0.2.0",
      "dependencies": {
        "expr-eval-fork": "^3.0.3",
        "ws": "^8.18.0"
      },
      "engines": {
        "node": ">=22.5"
      }
    },
    "node_modules/expr-eval-fork": {
      "version": "3.0.3",
      "resolved": "https://registry.npmjs.org/expr-eval-fork/-/expr-eval-fork-3.0.3.tgz",
      "integrity": "sha512-BhC+hbc5lIVjygr840n5DEkW3MQq7H9o+mc1/N7Z5uIiCFVyESLL5DIE7LNq4CYUNxy+XjA+3jRrL/h0Kt2xcg==",
      "license": "MIT",
      "engines": {
        "node": ">=16.9.0"
      }
    },
    "node_modules/ws": {
      "version": "8.21.0",
      "license": "MIT",
      "engines": {
        "node": ">=10.0.0"
      },
      "peerDependencies": {
        "bufferutil": "^4.0.1",
        "utf-8-validate": ">=5.0.2"
      },
      "peerDependenciesMeta": {
        "bufferutil": {
          "optional": true
        },
        "utf-8-validate": {
          "optional": true
        }
      }
    }
  }
}
